
Microsoft Visual Studio Solution File, Format Version 12.00
# Visual Studio Version 17
VisualStudioVersion = 17.5.002.0
MinimumVisualStudioVersion = 10.0.40219.1
Project("{9A19103F-16F7-4668-BE54-9A1E7A4F7556}") = "lajesApi", "lajesApi.csproj", "{31E9767F-787E-435E-B05A-D482695181F0}"
EndProject
Global
	GlobalSection(SolutionConfigurationPlatforms) = preSolution
		Debug|Any CPU = Debug|Any CPU
		Release|Any CPU = Release|Any CPU
	EndGlobalSection
	GlobalSection(ProjectConfigurationPlatforms) = postSolution
		{31E9767F-787E-435E-B05A-D482695181F0}.Debug|Any CPU.ActiveCfg = Debug|Any CPU
		{31E9767F-787E-435E-B05A-D482695181F0}.Debug|Any CPU.Build.0 = Debug|Any CPU
		{31E9767F-787E-435E-B05A-D482695181F0}.Release|Any CPU.ActiveCfg = Release|Any CPU
		{31E9767F-787E-435E-B05A-D482695181F0}.Release|Any CPU.Build.0 = Release|Any CPU
	EndGlobalSection
	GlobalSection(SolutionProperties) = preSolution
		HideSolutionNode = FALSE
	EndGlobalSection
	GlobalSection(ExtensibilityGlobals) = postSolution
		SolutionGuid = {42315D50-837E-45BE-A3A3-D0666CC7AEB0}
	EndGlobalSection
EndGlobal
